
Microsoft Visual Studio Solution File, Format Version 12.00
# Visual Studio Version 16
VisualStudioVersion = 16.0.29609.76
MinimumVisualStudioVersion = 10.0.40219.1
Project("{9A19103F-16F7-4668-BE54-9A1E7A4F7556}") = "SharedModule", "sample\SharedModule\SharedModule.csproj", "{B45C0FCC-7287-407C-AD65-92F4F6561EE7}"
EndProject
Project("{9A19103F-16F7-4668-BE54-9A1E7A4F7556}") = "App1", "sample\App1\App1.csproj", "{A2B29F3F-8388-4809-913C-90CF0B97FBB5}"
EndProject
Project("{9A19103F-16F7-4668-BE54-9A1E7A4F7556}") = "App2", "sample\App2\App2.csproj", "{6939A01F-2382-4483-A2DD-FDAF08FE6081}"
EndProject
Project("{2150E333-8FDC-42A3-9474-1A3956D46DE8}") = "samples", "samples", "{1F570C63-EB39-4A9B-95F6-E44E2B2124DA}"
EndProject
Project("{9A19103F-16F7-4668-BE54-9A1E7A4F7556}") = "EasyAbp.Abp.EventBus.CAP", "src\EasyAbp.Abp.EventBus.CAP\EasyAbp.Abp.EventBus.CAP.csproj", "{2BEBEB82-E649-4F38-9E1F-499D8A956887}"
EndProject
Project("{2150E333-8FDC-42A3-9474-1A3956D46DE8}") = "src", "src", "{B27B7AC2-9AB3-43CA-98F1-518108AD2366}"
EndProject
Project("{2150E333-8FDC-42A3-9474-1A3956D46DE8}") = "test", "test", "{668426D6-F637-4226-8A0B-A1F83AFE54C5}"
EndProject
Project("{FAE04EC0-301F-11D3-BF4B-00C04F79EFBC}") = "EasyAbp.Abp.EventBus.CAP.Tests", "test\EasyAbp.Abp.EventBus.CAP.Tests\EasyAbp.Abp.EventBus.CAP.Tests.csproj", "{0D6525B6-963F-49AB-B70C-3A7F52CEA187}"
EndProject
Project("{FAE04EC0-301F-11D3-BF4B-00C04F79EFBC}") = "EasyAbp.Abp.EventBus.CAP.EntityFrameworkCore", "src\EasyAbp.Abp.EventBus.CAP.EntityFrameworkCore\EasyAbp.Abp.EventBus.CAP.EntityFrameworkCore.csproj", "{AF24CA3C-4B48-45FD-9B97-25990FA6AB89}"
EndProject
Project("{FAE04EC0-301F-11D3-BF4B-00C04F79EFBC}") = "CapSample.Application", "sample\CapSample\src\CapSample.Application\CapSample.Application.csproj", "{A7479ED7-48AE-42CE-8D06-517A3CE3AE99}"
EndProject
Project("{2150E333-8FDC-42A3-9474-1A3956D46DE8}") = "CapSample", "CapSample", "{B52B2E39-2DCE-4299-B360-A4A5E66AD33B}"
EndProject
Project("{2150E333-8FDC-42A3-9474-1A3956D46DE8}") = "src", "src", "{367B1E1A-1A19-43EB-9556-2383A135BE23}"
EndProject
Project("{FAE04EC0-301F-11D3-BF4B-00C04F79EFBC}") = "CapSample.Application.Contracts", "sample\CapSample\src\CapSample.Application.Contracts\CapSample.Application.Contracts.csproj", "{4305F3F8-161D-4B03-AA0C-883DEEC66F55}"
EndProject
Project("{FAE04EC0-301F-11D3-BF4B-00C04F79EFBC}") = "CapSample.DbMigrator", "sample\CapSample\src\CapSample.DbMigrator\CapSample.DbMigrator.csproj", "{2E176850-DDE2-4DBA-AB6A-934D1CC0A6D6}"
EndProject
Project("{FAE04EC0-301F-11D3-BF4B-00C04F79EFBC}") = "CapSample.Domain", "sample\CapSample\src\CapSample.Domain\CapSample.Domain.csproj", "{C34F6AE3-0A65-4FA9-B57B-E2687D79B62B}"
EndProject
Project("{FAE04EC0-301F-11D3-BF4B-00C04F79EFBC}") = "CapSample.Domain.Shared", "sample\CapSample\src\CapSample.Domain.Shared\CapSample.Domain.Shared.csproj", "{59E40C0A-F5A1-4765-A882-1AFF5C658764}"
EndProject
Project("{FAE04EC0-301F-11D3-BF4B-00C04F79EFBC}") = "CapSample.EntityFrameworkCore", "sample\CapSample\src\CapSample.EntityFrameworkCore\CapSample.EntityFrameworkCore.csproj", "{7520182D-1C5B-4EB6-B722-2DBB2717632F}"
EndProject
Project("{FAE04EC0-301F-11D3-BF4B-00C04F79EFBC}") = "CapSample.HttpApi", "sample\CapSample\src\CapSample.HttpApi\CapSample.HttpApi.csproj", "{91F3667C-EBF4-4164-9479-F572C3733D79}"
EndProject
Project("{FAE04EC0-301F-11D3-BF4B-00C04F79EFBC}") = "CapSample.HttpApi.Client", "sample\CapSample\src\CapSample.HttpApi.Client\CapSample.HttpApi.Client.csproj", "{7D54864B-7F31-4770-8F01-DECB505455A1}"
EndProject
Project("{FAE04EC0-301F-11D3-BF4B-00C04F79EFBC}") = "CapSample.HttpApi.Host", "sample\CapSample\src\CapSample.HttpApi.Host\CapSample.HttpApi.Host.csproj", "{199A35D1-94FD-4F57-BC28-79DE238F4A28}"
EndProject
Project("{2150E333-8FDC-42A3-9474-1A3956D46DE8}") = "test", "test", "{0D8A9661-2027-4B83-BEDA-9065CA510909}"
EndProject
Project("{FAE04EC0-301F-11D3-BF4B-00C04F79EFBC}") = "CapSample.Application.Tests", "sample\CapSample\test\CapSample.Application.Tests\CapSample.Application.Tests.csproj", "{3B7BD1D2-F240-4CE4-A079-08CF0FED26CF}"
EndProject
Project("{FAE04EC0-301F-11D3-BF4B-00C04F79EFBC}") = "CapSample.Domain.Tests", "sample\CapSample\test\CapSample.Domain.Tests\CapSample.Domain.Tests.csproj", "{5050A4AC-5ED8-4377-8BD0-21220CF9BA84}"
EndProject
Project("{FAE04EC0-301F-11D3-BF4B-00C04F79EFBC}") = "CapSample.EntityFrameworkCore.Tests", "sample\CapSample\test\CapSample.EntityFrameworkCore.Tests\CapSample.EntityFrameworkCore.Tests.csproj", "{F924203F-4995-422D-8093-EE21C91A0E53}"
EndProject
Project("{FAE04EC0-301F-11D3-BF4B-00C04F79EFBC}") = "CapSample.HttpApi.Client.ConsoleTestApp", "sample\CapSample\test\CapSample.HttpApi.Client.ConsoleTestApp\CapSample.HttpApi.Client.ConsoleTestApp.csproj", "{34EEFC25-B9F2-46EC-A019-57A2A96A3700}"
EndProject
Project("{FAE04EC0-301F-11D3-BF4B-00C04F79EFBC}") = "CapSample.TestBase", "sample\CapSample\test\CapSample.TestBase\CapSample.TestBase.csproj", "{7726D18F-E3E1-4D5B-91D7-BD6104E703FE}"
EndProject
Project("{FAE04EC0-301F-11D3-BF4B-00C04F79EFBC}") = "EasyAbp.Abp.EventBus.CAP.Dashboard", "src\EasyAbp.Abp.EventBus.CAP.Dashboard\EasyAbp.Abp.EventBus.CAP.Dashboard.csproj", "{240C7228-0933-412E-AD51-13AC1C8FC252}"
EndProject
Project("{2150E333-8FDC-42A3-9474-1A3956D46DE8}") = "CapMysqlSample", "CapMysqlSample", "{7D1AD7DB-2C0C-468D-BA09-B9281AF4A3D8}"
EndProject
Project("{2150E333-8FDC-42A3-9474-1A3956D46DE8}") = "src", "src", "{504B322C-CC9C-42C1-8520-742C9FC0572C}"
EndProject
Project("{FAE04EC0-301F-11D3-BF4B-00C04F79EFBC}") = "CapSample.Application", "sample\CapMysqlSample\src\CapSample.Application\CapSample.Application.csproj", "{DAC91FF4-8FCE-45EE-B2F6-FF3FEFB18DF8}"
EndProject
Project("{FAE04EC0-301F-11D3-BF4B-00C04F79EFBC}") = "CapSample.Application.Contracts", "sample\CapMysqlSample\src\CapSample.Application.Contracts\CapSample.Application.Contracts.csproj", "{B1FB7269-35FA-4801-980F-A05BB514EAC0}"
EndProject
Project("{FAE04EC0-301F-11D3-BF4B-00C04F79EFBC}") = "CapSample.DbMigrator", "sample\CapMysqlSample\src\CapSample.DbMigrator\CapSample.DbMigrator.csproj", "{FBF9783E-CD34-4BE2-87D4-16EEADC2B008}"
EndProject
Project("{FAE04EC0-301F-11D3-BF4B-00C04F79EFBC}") = "CapSample.Domain", "sample\CapMysqlSample\src\CapSample.Domain\CapSample.Domain.csproj", "{60A9A6BC-F1BB-4385-A0C2-416AC9EC81F1}"
EndProject
Project("{FAE04EC0-301F-11D3-BF4B-00C04F79EFBC}") = "CapSample.EntityFrameworkCore", "sample\CapMysqlSample\src\CapSample.EntityFrameworkCore\CapSample.EntityFrameworkCore.csproj", "{1707D412-A43F-4EB8-9BC7-D3AEBF9814C7}"
EndProject
Project("{FAE04EC0-301F-11D3-BF4B-00C04F79EFBC}") = "CapSample.HttpApi", "sample\CapMysqlSample\src\CapSample.HttpApi\CapSample.HttpApi.csproj", "{6E0E7766-89E9-475E-A1F2-83D94EA5CE75}"
EndProject
Project("{FAE04EC0-301F-11D3-BF4B-00C04F79EFBC}") = "CapSample.HttpApi.Client", "sample\CapMysqlSample\src\CapSample.HttpApi.Client\CapSample.HttpApi.Client.csproj", "{960FF084-3161-48A9-9365-D946829BC3C9}"
EndProject
Project("{FAE04EC0-301F-11D3-BF4B-00C04F79EFBC}") = "CapSample.HttpApi.Host", "sample\CapMysqlSample\src\CapSample.HttpApi.Host\CapSample.HttpApi.Host.csproj", "{4B381C3C-E2A5-4A0B-B3FD-2F5F103F36C6}"
EndProject
Project("{FAE04EC0-301F-11D3-BF4B-00C04F79EFBC}") = "CapSample.Domain.Shared", "sample\CapMysqlSample\src\CapSample.Domain.Shared\CapSample.Domain.Shared.csproj", "{5B4228ED-B198-4068-B721-4EF556D1F97F}"
EndProject
Global
	GlobalSection(SolutionConfigurationPlatforms) = preSolution
		Debug|Any CPU = Debug|Any CPU
		Release|Any CPU = Release|Any CPU
	EndGlobalSection
	GlobalSection(ProjectConfigurationPlatforms) = postSolution
		{B45C0FCC-7287-407C-AD65-92F4F6561EE7}.Debug|Any CPU.ActiveCfg = Debug|Any CPU
		{B45C0FCC-7287-407C-AD65-92F4F6561EE7}.Debug|Any CPU.Build.0 = Debug|Any CPU
		{B45C0FCC-7287-407C-AD65-92F4F6561EE7}.Release|Any CPU.ActiveCfg = Release|Any CPU
		{B45C0FCC-7287-407C-AD65-92F4F6561EE7}.Release|Any CPU.Build.0 = Release|Any CPU
		{A2B29F3F-8388-4809-913C-90CF0B97FBB5}.Debug|Any CPU.ActiveCfg = Debug|Any CPU
		{A2B29F3F-8388-4809-913C-90CF0B97FBB5}.Debug|Any CPU.Build.0 = Debug|Any CPU
		{A2B29F3F-8388-4809-913C-90CF0B97FBB5}.Release|Any CPU.ActiveCfg = Release|Any CPU
		{A2B29F3F-8388-4809-913C-90CF0B97FBB5}.Release|Any CPU.Build.0 = Release|Any CPU
		{6939A01F-2382-4483-A2DD-FDAF08FE6081}.Debug|Any CPU.ActiveCfg = Debug|Any CPU
		{6939A01F-2382-4483-A2DD-FDAF08FE6081}.Debug|Any CPU.Build.0 = Debug|Any CPU
		{6939A01F-2382-4483-A2DD-FDAF08FE6081}.Release|Any CPU.ActiveCfg = Release|Any CPU
		{6939A01F-2382-4483-A2DD-FDAF08FE6081}.Release|Any CPU.Build.0 = Release|Any CPU
		{2BEBEB82-E649-4F38-9E1F-499D8A956887}.Debug|Any CPU.ActiveCfg = Debug|Any CPU
		{2BEBEB82-E649-4F38-9E1F-499D8A956887}.Debug|Any CPU.Build.0 = Debug|Any CPU
		{2BEBEB82-E649-4F38-9E1F-499D8A956887}.Release|Any CPU.ActiveCfg = Release|Any CPU
		{2BEBEB82-E649-4F38-9E1F-499D8A956887}.Release|Any CPU.Build.0 = Release|Any CPU
		{0D6525B6-963F-49AB-B70C-3A7F52CEA187}.Debug|Any CPU.ActiveCfg = Debug|Any CPU
		{0D6525B6-963F-49AB-B70C-3A7F52CEA187}.Debug|Any CPU.Build.0 = Debug|Any CPU
		{0D6525B6-963F-49AB-B70C-3A7F52CEA187}.Release|Any CPU.ActiveCfg = Release|Any CPU
		{0D6525B6-963F-49AB-B70C-3A7F52CEA187}.Release|Any CPU.Build.0 = Release|Any CPU
		{AF24CA3C-4B48-45FD-9B97-25990FA6AB89}.Debug|Any CPU.ActiveCfg = Debug|Any CPU
		{AF24CA3C-4B48-45FD-9B97-25990FA6AB89}.Debug|Any CPU.Build.0 = Debug|Any CPU
		{AF24CA3C-4B48-45FD-9B97-25990FA6AB89}.Release|Any CPU.ActiveCfg = Release|Any CPU
		{AF24CA3C-4B48-45FD-9B97-25990FA6AB89}.Release|Any CPU.Build.0 = Release|Any CPU
		{A7479ED7-48AE-42CE-8D06-517A3CE3AE99}.Debug|Any CPU.ActiveCfg = Debug|Any CPU
		{A7479ED7-48AE-42CE-8D06-517A3CE3AE99}.Debug|Any CPU.Build.0 = Debug|Any CPU
		{A7479ED7-48AE-42CE-8D06-517A3CE3AE99}.Release|Any CPU.ActiveCfg = Release|Any CPU
		{A7479ED7-48AE-42CE-8D06-517A3CE3AE99}.Release|Any CPU.Build.0 = Release|Any CPU
		{4305F3F8-161D-4B03-AA0C-883DEEC66F55}.Debug|Any CPU.ActiveCfg = Debug|Any CPU
		{4305F3F8-161D-4B03-AA0C-883DEEC66F55}.Debug|Any CPU.Build.0 = Debug|Any CPU
		{4305F3F8-161D-4B03-AA0C-883DEEC66F55}.Release|Any CPU.ActiveCfg = Release|Any CPU
		{4305F3F8-161D-4B03-AA0C-883DEEC66F55}.Release|Any CPU.Build.0 = Release|Any CPU
		{2E176850-DDE2-4DBA-AB6A-934D1CC0A6D6}.Debug|Any CPU.ActiveCfg = Debug|Any CPU
		{2E176850-DDE2-4DBA-AB6A-934D1CC0A6D6}.Debug|Any CPU.Build.0 = Debug|Any CPU
		{2E176850-DDE2-4DBA-AB6A-934D1CC0A6D6}.Release|Any CPU.ActiveCfg = Release|Any CPU
		{2E176850-DDE2-4DBA-AB6A-934D1CC0A6D6}.Release|Any CPU.Build.0 = Release|Any CPU
		{C34F6AE3-0A65-4FA9-B57B-E2687D79B62B}.Debug|Any CPU.ActiveCfg = Debug|Any CPU
		{C34F6AE3-0A65-4FA9-B57B-E2687D79B62B}.Debug|Any CPU.Build.0 = Debug|Any CPU
		{C34F6AE3-0A65-4FA9-B57B-E2687D79B62B}.Release|Any CPU.ActiveCfg = Release|Any CPU
		{C34F6AE3-0A65-4FA9-B57B-E2687D79B62B}.Release|Any CPU.Build.0 = Release|Any CPU
		{59E40C0A-F5A1-4765-A882-1AFF5C658764}.Debug|Any CPU.ActiveCfg = Debug|Any CPU
		{59E40C0A-F5A1-4765-A882-1AFF5C658764}.Debug|Any CPU.Build.0 = Debug|Any CPU
		{59E40C0A-F5A1-4765-A882-1AFF5C658764}.Release|Any CPU.ActiveCfg = Release|Any CPU
		{59E40C0A-F5A1-4765-A882-1AFF5C658764}.Release|Any CPU.Build.0 = Release|Any CPU
		{7520182D-1C5B-4EB6-B722-2DBB2717632F}.Debug|Any CPU.ActiveCfg = Debug|Any CPU
		{7520182D-1C5B-4EB6-B722-2DBB2717632F}.Debug|Any CPU.Build.0 = Debug|Any CPU
		{7520182D-1C5B-4EB6-B722-2DBB2717632F}.Release|Any CPU.ActiveCfg = Release|Any CPU
		{7520182D-1C5B-4EB6-B722-2DBB2717632F}.Release|Any CPU.Build.0 = Release|Any CPU
		{91F3667C-EBF4-4164-9479-F572C3733D79}.Debug|Any CPU.ActiveCfg = Debug|Any CPU
		{91F3667C-EBF4-4164-9479-F572C3733D79}.Debug|Any CPU.Build.0 = Debug|Any CPU
		{91F3667C-EBF4-4164-9479-F572C3733D79}.Release|Any CPU.ActiveCfg = Release|Any CPU
		{91F3667C-EBF4-4164-9479-F572C3733D79}.Release|Any CPU.Build.0 = Release|Any CPU
		{7D54864B-7F31-4770-8F01-DECB505455A1}.Debug|Any CPU.ActiveCfg = Debug|Any CPU
		{7D54864B-7F31-4770-8F01-DECB505455A1}.Debug|Any CPU.Build.0 = Debug|Any CPU
		{7D54864B-7F31-4770-8F01-DECB505455A1}.Release|Any CPU.ActiveCfg = Release|Any CPU
		{7D54864B-7F31-4770-8F01-DECB505455A1}.Release|Any CPU.Build.0 = Release|Any CPU
		{199A35D1-94FD-4F57-BC28-79DE238F4A28}.Debug|Any CPU.ActiveCfg = Debug|Any CPU
		{199A35D1-94FD-4F57-BC28-79DE238F4A28}.Debug|Any CPU.Build.0 = Debug|Any CPU
		{199A35D1-94FD-4F57-BC28-79DE238F4A28}.Release|Any CPU.ActiveCfg = Release|Any CPU
		{199A35D1-94FD-4F57-BC28-79DE238F4A28}.Release|Any CPU.Build.0 = Release|Any CPU
		{3B7BD1D2-F240-4CE4-A079-08CF0FED26CF}.Debug|Any CPU.ActiveCfg = Debug|Any CPU
		{3B7BD1D2-F240-4CE4-A079-08CF0FED26CF}.Debug|Any CPU.Build.0 = Debug|Any CPU
		{3B7BD1D2-F240-4CE4-A079-08CF0FED26CF}.Release|Any CPU.ActiveCfg = Release|Any CPU
		{3B7BD1D2-F240-4CE4-A079-08CF0FED26CF}.Release|Any CPU.Build.0 = Release|Any CPU
		{5050A4AC-5ED8-4377-8BD0-21220CF9BA84}.Debug|Any CPU.ActiveCfg = Debug|Any CPU
		{5050A4AC-5ED8-4377-8BD0-21220CF9BA84}.Debug|Any CPU.Build.0 = Debug|Any CPU
		{5050A4AC-5ED8-4377-8BD0-21220CF9BA84}.Release|Any CPU.ActiveCfg = Release|Any CPU
		{5050A4AC-5ED8-4377-8BD0-21220CF9BA84}.Release|Any CPU.Build.0 = Release|Any CPU
		{F924203F-4995-422D-8093-EE21C91A0E53}.Debug|Any CPU.ActiveCfg = Debug|Any CPU
		{F924203F-4995-422D-8093-EE21C91A0E53}.Debug|Any CPU.Build.0 = Debug|Any CPU
		{F924203F-4995-422D-8093-EE21C91A0E53}.Release|Any CPU.ActiveCfg = Release|Any CPU
		{F924203F-4995-422D-8093-EE21C91A0E53}.Release|Any CPU.Build.0 = Release|Any CPU
		{34EEFC25-B9F2-46EC-A019-57A2A96A3700}.Debug|Any CPU.ActiveCfg = Debug|Any CPU
		{34EEFC25-B9F2-46EC-A019-57A2A96A3700}.Debug|Any CPU.Build.0 = Debug|Any CPU
		{34EEFC25-B9F2-46EC-A019-57A2A96A3700}.Release|Any CPU.ActiveCfg = Release|Any CPU
		{34EEFC25-B9F2-46EC-A019-57A2A96A3700}.Release|Any CPU.Build.0 = Release|Any CPU
		{7726D18F-E3E1-4D5B-91D7-BD6104E703FE}.Debug|Any CPU.ActiveCfg = Debug|Any CPU
		{7726D18F-E3E1-4D5B-91D7-BD6104E703FE}.Debug|Any CPU.Build.0 = Debug|Any CPU
		{7726D18F-E3E1-4D5B-91D7-BD6104E703FE}.Release|Any CPU.ActiveCfg = Release|Any CPU
		{7726D18F-E3E1-4D5B-91D7-BD6104E703FE}.Release|Any CPU.Build.0 = Release|Any CPU
		{240C7228-0933-412E-AD51-13AC1C8FC252}.Debug|Any CPU.ActiveCfg = Debug|Any CPU
		{240C7228-0933-412E-AD51-13AC1C8FC252}.Debug|Any CPU.Build.0 = Debug|Any CPU
		{240C7228-0933-412E-AD51-13AC1C8FC252}.Release|Any CPU.ActiveCfg = Release|Any CPU
		{240C7228-0933-412E-AD51-13AC1C8FC252}.Release|Any CPU.Build.0 = Release|Any CPU
		{DAC91FF4-8FCE-45EE-B2F6-FF3FEFB18DF8}.Debug|Any CPU.ActiveCfg = Debug|Any CPU
		{DAC91FF4-8FCE-45EE-B2F6-FF3FEFB18DF8}.Debug|Any CPU.Build.0 = Debug|Any CPU
		{DAC91FF4-8FCE-45EE-B2F6-FF3FEFB18DF8}.Release|Any CPU.ActiveCfg = Release|Any CPU
		{DAC91FF4-8FCE-45EE-B2F6-FF3FEFB18DF8}.Release|Any CPU.Build.0 = Release|Any CPU
		{B1FB7269-35FA-4801-980F-A05BB514EAC0}.Debug|Any CPU.ActiveCfg = Debug|Any CPU
		{B1FB7269-35FA-4801-980F-A05BB514EAC0}.Debug|Any CPU.Build.0 = Debug|Any CPU
		{B1FB7269-35FA-4801-980F-A05BB514EAC0}.Release|Any CPU.ActiveCfg = Release|Any CPU
		{B1FB7269-35FA-4801-980F-A05BB514EAC0}.Release|Any CPU.Build.0 = Release|Any CPU
		{FBF9783E-CD34-4BE2-87D4-16EEADC2B008}.Debug|Any CPU.ActiveCfg = Debug|Any CPU
		{FBF9783E-CD34-4BE2-87D4-16EEADC2B008}.Debug|Any CPU.Build.0 = Debug|Any CPU
		{FBF9783E-CD34-4BE2-87D4-16EEADC2B008}.Release|Any CPU.ActiveCfg = Release|Any CPU
		{FBF9783E-CD34-4BE2-87D4-16EEADC2B008}.Release|Any CPU.Build.0 = Release|Any CPU
		{60A9A6BC-F1BB-4385-A0C2-416AC9EC81F1}.Debug|Any CPU.ActiveCfg = Debug|Any CPU
		{60A9A6BC-F1BB-4385-A0C2-416AC9EC81F1}.Debug|Any CPU.Build.0 = Debug|Any CPU
		{60A9A6BC-F1BB-4385-A0C2-416AC9EC81F1}.Release|Any CPU.ActiveCfg = Release|Any CPU
		{60A9A6BC-F1BB-4385-A0C2-416AC9EC81F1}.Release|Any CPU.Build.0 = Release|Any CPU
		{1707D412-A43F-4EB8-9BC7-D3AEBF9814C7}.Debug|Any CPU.ActiveCfg = Debug|Any CPU
		{1707D412-A43F-4EB8-9BC7-D3AEBF9814C7}.Debug|Any CPU.Build.0 = Debug|Any CPU
		{1707D412-A43F-4EB8-9BC7-D3AEBF9814C7}.Release|Any CPU.ActiveCfg = Release|Any CPU
		{1707D412-A43F-4EB8-9BC7-D3AEBF9814C7}.Release|Any CPU.Build.0 = Release|Any CPU
		{6E0E7766-89E9-475E-A1F2-83D94EA5CE75}.Debug|Any CPU.ActiveCfg = Debug|Any CPU
		{6E0E7766-89E9-475E-A1F2-83D94EA5CE75}.Debug|Any CPU.Build.0 = Debug|Any CPU
		{6E0E7766-89E9-475E-A1F2-83D94EA5CE75}.Release|Any CPU.ActiveCfg = Release|Any CPU
		{6E0E7766-89E9-475E-A1F2-83D94EA5CE75}.Release|Any CPU.Build.0 = Release|Any CPU
		{960FF084-3161-48A9-9365-D946829BC3C9}.Debug|Any CPU.ActiveCfg = Debug|Any CPU
		{960FF084-3161-48A9-9365-D946829BC3C9}.Debug|Any CPU.Build.0 = Debug|Any CPU
		{960FF084-3161-48A9-9365-D946829BC3C9}.Release|Any CPU.ActiveCfg = Release|Any CPU
		{960FF084-3161-48A9-9365-D946829BC3C9}.Release|Any CPU.Build.0 = Release|Any CPU
		{4B381C3C-E2A5-4A0B-B3FD-2F5F103F36C6}.Debug|Any CPU.ActiveCfg = Debug|Any CPU
		{4B381C3C-E2A5-4A0B-B3FD-2F5F103F36C6}.Debug|Any CPU.Build.0 = Debug|Any CPU
		{4B381C3C-E2A5-4A0B-B3FD-2F5F103F36C6}.Release|Any CPU.ActiveCfg = Release|Any CPU
		{4B381C3C-E2A5-4A0B-B3FD-2F5F103F36C6}.Release|Any CPU.Build.0 = Release|Any CPU
		{5B4228ED-B198-4068-B721-4EF556D1F97F}.Debug|Any CPU.ActiveCfg = Debug|Any CPU
		{5B4228ED-B198-4068-B721-4EF556D1F97F}.Debug|Any CPU.Build.0 = Debug|Any CPU
		{5B4228ED-B198-4068-B721-4EF556D1F97F}.Release|Any CPU.ActiveCfg = Release|Any CPU
		{5B4228ED-B198-4068-B721-4EF556D1F97F}.Release|Any CPU.Build.0 = Release|Any CPU
	EndGlobalSection
	GlobalSection(SolutionProperties) = preSolution
		HideSolutionNode = FALSE
	EndGlobalSection
	GlobalSection(NestedProjects) = preSolution
		{B45C0FCC-7287-407C-AD65-92F4F6561EE7} = {1F570C63-EB39-4A9B-95F6-E44E2B2124DA}
		{A2B29F3F-8388-4809-913C-90CF0B97FBB5} = {1F570C63-EB39-4A9B-95F6-E44E2B2124DA}
		{6939A01F-2382-4483-A2DD-FDAF08FE6081} = {1F570C63-EB39-4A9B-95F6-E44E2B2124DA}
		{2BEBEB82-E649-4F38-9E1F-499D8A956887} = {B27B7AC2-9AB3-43CA-98F1-518108AD2366}
		{0D6525B6-963F-49AB-B70C-3A7F52CEA187} = {668426D6-F637-4226-8A0B-A1F83AFE54C5}
		{AF24CA3C-4B48-45FD-9B97-25990FA6AB89} = {B27B7AC2-9AB3-43CA-98F1-518108AD2366}
		{367B1E1A-1A19-43EB-9556-2383A135BE23} = {B52B2E39-2DCE-4299-B360-A4A5E66AD33B}
		{4305F3F8-161D-4B03-AA0C-883DEEC66F55} = {367B1E1A-1A19-43EB-9556-2383A135BE23}
		{2E176850-DDE2-4DBA-AB6A-934D1CC0A6D6} = {367B1E1A-1A19-43EB-9556-2383A135BE23}
		{C34F6AE3-0A65-4FA9-B57B-E2687D79B62B} = {367B1E1A-1A19-43EB-9556-2383A135BE23}
		{59E40C0A-F5A1-4765-A882-1AFF5C658764} = {367B1E1A-1A19-43EB-9556-2383A135BE23}
		{7520182D-1C5B-4EB6-B722-2DBB2717632F} = {367B1E1A-1A19-43EB-9556-2383A135BE23}
		{91F3667C-EBF4-4164-9479-F572C3733D79} = {367B1E1A-1A19-43EB-9556-2383A135BE23}
		{7D54864B-7F31-4770-8F01-DECB505455A1} = {367B1E1A-1A19-43EB-9556-2383A135BE23}
		{199A35D1-94FD-4F57-BC28-79DE238F4A28} = {367B1E1A-1A19-43EB-9556-2383A135BE23}
		{0D8A9661-2027-4B83-BEDA-9065CA510909} = {B52B2E39-2DCE-4299-B360-A4A5E66AD33B}
		{3B7BD1D2-F240-4CE4-A079-08CF0FED26CF} = {0D8A9661-2027-4B83-BEDA-9065CA510909}
		{5050A4AC-5ED8-4377-8BD0-21220CF9BA84} = {0D8A9661-2027-4B83-BEDA-9065CA510909}
		{F924203F-4995-422D-8093-EE21C91A0E53} = {0D8A9661-2027-4B83-BEDA-9065CA510909}
		{34EEFC25-B9F2-46EC-A019-57A2A96A3700} = {0D8A9661-2027-4B83-BEDA-9065CA510909}
		{7726D18F-E3E1-4D5B-91D7-BD6104E703FE} = {0D8A9661-2027-4B83-BEDA-9065CA510909}
		{B52B2E39-2DCE-4299-B360-A4A5E66AD33B} = {1F570C63-EB39-4A9B-95F6-E44E2B2124DA}
		{A7479ED7-48AE-42CE-8D06-517A3CE3AE99} = {367B1E1A-1A19-43EB-9556-2383A135BE23}
		{240C7228-0933-412E-AD51-13AC1C8FC252} = {B27B7AC2-9AB3-43CA-98F1-518108AD2366}
		{7D1AD7DB-2C0C-468D-BA09-B9281AF4A3D8} = {1F570C63-EB39-4A9B-95F6-E44E2B2124DA}
		{504B322C-CC9C-42C1-8520-742C9FC0572C} = {7D1AD7DB-2C0C-468D-BA09-B9281AF4A3D8}
		{DAC91FF4-8FCE-45EE-B2F6-FF3FEFB18DF8} = {504B322C-CC9C-42C1-8520-742C9FC0572C}
		{B1FB7269-35FA-4801-980F-A05BB514EAC0} = {504B322C-CC9C-42C1-8520-742C9FC0572C}
		{FBF9783E-CD34-4BE2-87D4-16EEADC2B008} = {504B322C-CC9C-42C1-8520-742C9FC0572C}
		{60A9A6BC-F1BB-4385-A0C2-416AC9EC81F1} = {504B322C-CC9C-42C1-8520-742C9FC0572C}
		{1707D412-A43F-4EB8-9BC7-D3AEBF9814C7} = {504B322C-CC9C-42C1-8520-742C9FC0572C}
		{6E0E7766-89E9-475E-A1F2-83D94EA5CE75} = {504B322C-CC9C-42C1-8520-742C9FC0572C}
		{960FF084-3161-48A9-9365-D946829BC3C9} = {504B322C-CC9C-42C1-8520-742C9FC0572C}
		{4B381C3C-E2A5-4A0B-B3FD-2F5F103F36C6} = {504B322C-CC9C-42C1-8520-742C9FC0572C}
		{5B4228ED-B198-4068-B721-4EF556D1F97F} = {504B322C-CC9C-42C1-8520-742C9FC0572C}
	EndGlobalSection
	GlobalSection(ExtensibilityGlobals) = postSolution
		SolutionGuid = {97805FC8-B0DF-4423-B75C-0A2945FA2417}
	EndGlobalSection
EndGlobal
