
Microsoft Visual Studio Solution File, Format Version 12.00
# Visual Studio Version 16
VisualStudioVersion = 16.0.29609.76
MinimumVisualStudioVersion = 10.0.40219.1
Project("{9A19103F-16F7-4668-BE54-9A1E7A4F7556}") = "SharedModule", "sample\SharedModule\SharedModule.csproj", "{B45C0FCC-7287-407C-AD65-92F4F6561EE7}"
EndProject
Project("{9A19103F-16F7-4668-BE54-9A1E7A4F7556}") = "App1", "sample\App1\App1.csproj", "{A2B29F3F-8388-4809-913C-90CF0B97FBB5}"
EndProject
Project("{9A19103F-16F7-4668-BE54-9A1E7A4F7556}") = "App2", "sample\App2\App2.csproj", "{6939A01F-2382-4483-A2DD-FDAF08FE6081}"
EndProject
Project("{2150E333-8FDC-42A3-9474-1A3956D46DE8}") = "samples", "samples", "{1F570C63-EB39-4A9B-95F6-E44E2B2124DA}"
EndProject
Project("{9A19103F-16F7-4668-BE54-9A1E7A4F7556}") = "EasyAbp.Abp.EventBus.CAP", "src\EasyAbp.Abp.EventBus.CAP\EasyAbp.Abp.EventBus.CAP.csproj", "{2BEBEB82-E649-4F38-9E1F-499D8A956887}"
EndProject
Project("{2150E333-8FDC-42A3-9474-1A3956D46DE8}") = "src", "src", "{B27B7AC2-9AB3-43CA-98F1-518108AD2366}"
EndProject
Project("{2150E333-8FDC-42A3-9474-1A3956D46DE8}") = "test", "test", "{668426D6-F637-4226-8A0B-A1F83AFE54C5}"
EndProject
Project("{FAE04EC0-301F-11D3-BF4B-00C04F79EFBC}") = "EasyAbp.Abp.EventBus.CAP.Tests", "test\EasyAbp.Abp.EventBus.CAP.Tests\EasyAbp.Abp.EventBus.CAP.Tests.csproj", "{0D6525B6-963F-49AB-B70C-3A7F52CEA187}"
EndProject
Global
	GlobalSection(SolutionConfigurationPlatforms) = preSolution
		Debug|Any CPU = Debug|Any CPU
		Release|Any CPU = Release|Any CPU
	EndGlobalSection
	GlobalSection(ProjectConfigurationPlatforms) = postSolution
		{B45C0FCC-7287-407C-AD65-92F4F6561EE7}.Debug|Any CPU.ActiveCfg = Debug|Any CPU
		{B45C0FCC-7287-407C-AD65-92F4F6561EE7}.Debug|Any CPU.Build.0 = Debug|Any CPU
		{B45C0FCC-7287-407C-AD65-92F4F6561EE7}.Release|Any CPU.ActiveCfg = Release|Any CPU
		{B45C0FCC-7287-407C-AD65-92F4F6561EE7}.Release|Any CPU.Build.0 = Release|Any CPU
		{A2B29F3F-8388-4809-913C-90CF0B97FBB5}.Debug|Any CPU.ActiveCfg = Debug|Any CPU
		{A2B29F3F-8388-4809-913C-90CF0B97FBB5}.Debug|Any CPU.Build.0 = Debug|Any CPU
		{A2B29F3F-8388-4809-913C-90CF0B97FBB5}.Release|Any CPU.ActiveCfg = Release|Any CPU
		{A2B29F3F-8388-4809-913C-90CF0B97FBB5}.Release|Any CPU.Build.0 = Release|Any CPU
		{6939A01F-2382-4483-A2DD-FDAF08FE6081}.Debug|Any CPU.ActiveCfg = Debug|Any CPU
		{6939A01F-2382-4483-A2DD-FDAF08FE6081}.Debug|Any CPU.Build.0 = Debug|Any CPU
		{6939A01F-2382-4483-A2DD-FDAF08FE6081}.Release|Any CPU.ActiveCfg = Release|Any CPU
		{6939A01F-2382-4483-A2DD-FDAF08FE6081}.Release|Any CPU.Build.0 = Release|Any CPU
		{2BEBEB82-E649-4F38-9E1F-499D8A956887}.Debug|Any CPU.ActiveCfg = Debug|Any CPU
		{2BEBEB82-E649-4F38-9E1F-499D8A956887}.Debug|Any CPU.Build.0 = Debug|Any CPU
		{2BEBEB82-E649-4F38-9E1F-499D8A956887}.Release|Any CPU.ActiveCfg = Release|Any CPU
		{2BEBEB82-E649-4F38-9E1F-499D8A956887}.Release|Any CPU.Build.0 = Release|Any CPU
		{0D6525B6-963F-49AB-B70C-3A7F52CEA187}.Debug|Any CPU.ActiveCfg = Debug|Any CPU
		{0D6525B6-963F-49AB-B70C-3A7F52CEA187}.Debug|Any CPU.Build.0 = Debug|Any CPU
		{0D6525B6-963F-49AB-B70C-3A7F52CEA187}.Release|Any CPU.ActiveCfg = Release|Any CPU
		{0D6525B6-963F-49AB-B70C-3A7F52CEA187}.Release|Any CPU.Build.0 = Release|Any CPU
	EndGlobalSection
	GlobalSection(SolutionProperties) = preSolution
		HideSolutionNode = FALSE
	EndGlobalSection
	GlobalSection(NestedProjects) = preSolution
		{B45C0FCC-7287-407C-AD65-92F4F6561EE7} = {1F570C63-EB39-4A9B-95F6-E44E2B2124DA}
		{A2B29F3F-8388-4809-913C-90CF0B97FBB5} = {1F570C63-EB39-4A9B-95F6-E44E2B2124DA}
		{6939A01F-2382-4483-A2DD-FDAF08FE6081} = {1F570C63-EB39-4A9B-95F6-E44E2B2124DA}
		{2BEBEB82-E649-4F38-9E1F-499D8A956887} = {B27B7AC2-9AB3-43CA-98F1-518108AD2366}
		{0D6525B6-963F-49AB-B70C-3A7F52CEA187} = {668426D6-F637-4226-8A0B-A1F83AFE54C5}
	EndGlobalSection
	GlobalSection(ExtensibilityGlobals) = postSolution
		SolutionGuid = {97805FC8-B0DF-4423-B75C-0A2945FA2417}
	EndGlobalSection
EndGlobal
